
Microsoft Visual Studio Solution File, Format Version 12.00
# Visual Studio Version 17
VisualStudioVersion = 17.12.35514.174
MinimumVisualStudioVersion = 10.0.40219.1
Project("{FAE04EC0-301F-11D3-BF4B-00C04F79EFBC}") = "BookStoreApp.Api", "BookStoreApp.Api\BookStoreApp.Api.csproj", "{D4072398-F7CA-4A37-80FF-8FE5694B3357}"
EndProject
Project("{FAE04EC0-301F-11D3-BF4B-00C04F79EFBC}") = "BookStoreApp.Blazor.Server", "BookStoreApp.Blazor.Server\BookStoreApp.Blazor.Server.csproj", "{92F11877-4899-4B3F-BDC4-2979125E138B}"
EndProject
Project("{FAE04EC0-301F-11D3-BF4B-00C04F79EFBC}") = "BookStoreApp.Shared", "BookStoreApp.Shared\BookStoreApp.Shared.csproj", "{DD19174D-ECF8-499C-A7E1-C714DBB9D707}"
EndProject
Global
	GlobalSection(SolutionConfigurationPlatforms) = preSolution
		Debug|Any CPU = Debug|Any CPU
		Release|Any CPU = Release|Any CPU
	EndGlobalSection
	GlobalSection(ProjectConfigurationPlatforms) = postSolution
		{D4072398-F7CA-4A37-80FF-8FE5694B3357}.Debug|Any CPU.ActiveCfg = Debug|Any CPU
		{D4072398-F7CA-4A37-80FF-8FE5694B3357}.Debug|Any CPU.Build.0 = Debug|Any CPU
		{D4072398-F7CA-4A37-80FF-8FE5694B3357}.Release|Any CPU.ActiveCfg = Release|Any CPU
		{D4072398-F7CA-4A37-80FF-8FE5694B3357}.Release|Any CPU.Build.0 = Release|Any CPU
		{92F11877-4899-4B3F-BDC4-2979125E138B}.Debug|Any CPU.ActiveCfg = Debug|Any CPU
		{92F11877-4899-4B3F-BDC4-2979125E138B}.Debug|Any CPU.Build.0 = Debug|Any CPU
		{92F11877-4899-4B3F-BDC4-2979125E138B}.Release|Any CPU.ActiveCfg = Release|Any CPU
		{92F11877-4899-4B3F-BDC4-2979125E138B}.Release|Any CPU.Build.0 = Release|Any CPU
		{DD19174D-ECF8-499C-A7E1-C714DBB9D707}.Debug|Any CPU.ActiveCfg = Debug|Any CPU
		{DD19174D-ECF8-499C-A7E1-C714DBB9D707}.Debug|Any CPU.Build.0 = Debug|Any CPU
		{DD19174D-ECF8-499C-A7E1-C714DBB9D707}.Release|Any CPU.ActiveCfg = Release|Any CPU
		{DD19174D-ECF8-499C-A7E1-C714DBB9D707}.Release|Any CPU.Build.0 = Release|Any CPU
	EndGlobalSection
	GlobalSection(SolutionProperties) = preSolution
		HideSolutionNode = FALSE
	EndGlobalSection
EndGlobal
